
Microsoft Visual Studio Solution File, Format Version 12.00
# Visual Studio 2013
VisualStudioVersion = 12.0.30501.0
MinimumVisualStudioVersion = 10.0.40219.1
Project("{FAE04EC0-301F-11D3-BF4B-00C04F79EFBC}") = "Herodotus", "Herodotus\Herodotus.csproj", "{BFC3AC04-2787-4E13-8A93-FD37D6483B76}"
EndProject
Project("{FAE04EC0-301F-11D3-BF4B-00C04F79EFBC}") = "TestApp", "TestApp\TestApp.csproj", "{7C1EEF6D-CBE9-4EEF-9D2B-B630EA8DADF4}"
EndProject
Project("{FAE04EC0-301F-11D3-BF4B-00C04F79EFBC}") = "Trollveggen", "..\..\Trollveggen\Trollveggen.git\Trollveggen\Trollveggen.csproj", "{787A5640-F3BC-4B2E-B2E4-AB8C1DC1A1E0}"
EndProject
Project("{FAE04EC0-301F-11D3-BF4B-00C04F79EFBC}") = "HerodotusTests", "HerodotusTests\HerodotusTests.csproj", "{77DB17B9-CCF8-4E1E-9E3E-66C10807E2CF}"
EndProject
Global
	GlobalSection(SolutionConfigurationPlatforms) = preSolution
		Debug|Any CPU = Debug|Any CPU
		Debug|ARM = Debug|ARM
		Debug|x64 = Debug|x64
		Debug|x86 = Debug|x86
		Release|Any CPU = Release|Any CPU
		Release|ARM = Release|ARM
		Release|x64 = Release|x64
		Release|x86 = Release|x86
	EndGlobalSection
	GlobalSection(ProjectConfigurationPlatforms) = postSolution
		{BFC3AC04-2787-4E13-8A93-FD37D6483B76}.Debug|Any CPU.ActiveCfg = Debug|Any CPU
		{BFC3AC04-2787-4E13-8A93-FD37D6483B76}.Debug|Any CPU.Build.0 = Debug|Any CPU
		{BFC3AC04-2787-4E13-8A93-FD37D6483B76}.Debug|ARM.ActiveCfg = Debug|ARM
		{BFC3AC04-2787-4E13-8A93-FD37D6483B76}.Debug|ARM.Build.0 = Debug|ARM
		{BFC3AC04-2787-4E13-8A93-FD37D6483B76}.Debug|x64.ActiveCfg = Debug|x64
		{BFC3AC04-2787-4E13-8A93-FD37D6483B76}.Debug|x64.Build.0 = Debug|x64
		{BFC3AC04-2787-4E13-8A93-FD37D6483B76}.Debug|x86.ActiveCfg = Debug|x86
		{BFC3AC04-2787-4E13-8A93-FD37D6483B76}.Debug|x86.Build.0 = Debug|x86
		{BFC3AC04-2787-4E13-8A93-FD37D6483B76}.Release|Any CPU.ActiveCfg = Release|Any CPU
		{BFC3AC04-2787-4E13-8A93-FD37D6483B76}.Release|Any CPU.Build.0 = Release|Any CPU
		{BFC3AC04-2787-4E13-8A93-FD37D6483B76}.Release|ARM.ActiveCfg = Release|ARM
		{BFC3AC04-2787-4E13-8A93-FD37D6483B76}.Release|ARM.Build.0 = Release|ARM
		{BFC3AC04-2787-4E13-8A93-FD37D6483B76}.Release|x64.ActiveCfg = Release|x64
		{BFC3AC04-2787-4E13-8A93-FD37D6483B76}.Release|x64.Build.0 = Release|x64
		{BFC3AC04-2787-4E13-8A93-FD37D6483B76}.Release|x86.ActiveCfg = Release|x86
		{BFC3AC04-2787-4E13-8A93-FD37D6483B76}.Release|x86.Build.0 = Release|x86
		{7C1EEF6D-CBE9-4EEF-9D2B-B630EA8DADF4}.Debug|Any CPU.ActiveCfg = Debug|Any CPU
		{7C1EEF6D-CBE9-4EEF-9D2B-B630EA8DADF4}.Debug|Any CPU.Build.0 = Debug|Any CPU
		{7C1EEF6D-CBE9-4EEF-9D2B-B630EA8DADF4}.Debug|Any CPU.Deploy.0 = Debug|Any CPU
		{7C1EEF6D-CBE9-4EEF-9D2B-B630EA8DADF4}.Debug|ARM.ActiveCfg = Debug|ARM
		{7C1EEF6D-CBE9-4EEF-9D2B-B630EA8DADF4}.Debug|ARM.Build.0 = Debug|ARM
		{7C1EEF6D-CBE9-4EEF-9D2B-B630EA8DADF4}.Debug|ARM.Deploy.0 = Debug|ARM
		{7C1EEF6D-CBE9-4EEF-9D2B-B630EA8DADF4}.Debug|x64.ActiveCfg = Debug|x64
		{7C1EEF6D-CBE9-4EEF-9D2B-B630EA8DADF4}.Debug|x64.Build.0 = Debug|x64
		{7C1EEF6D-CBE9-4EEF-9D2B-B630EA8DADF4}.Debug|x64.Deploy.0 = Debug|x64
		{7C1EEF6D-CBE9-4EEF-9D2B-B630EA8DADF4}.Debug|x86.ActiveCfg = Debug|x86
		{7C1EEF6D-CBE9-4EEF-9D2B-B630EA8DADF4}.Debug|x86.Build.0 = Debug|x86
		{7C1EEF6D-CBE9-4EEF-9D2B-B630EA8DADF4}.Debug|x86.Deploy.0 = Debug|x86
		{7C1EEF6D-CBE9-4EEF-9D2B-B630EA8DADF4}.Release|Any CPU.ActiveCfg = Release|Any CPU
		{7C1EEF6D-CBE9-4EEF-9D2B-B630EA8DADF4}.Release|Any CPU.Build.0 = Release|Any CPU
		{7C1EEF6D-CBE9-4EEF-9D2B-B630EA8DADF4}.Release|Any CPU.Deploy.0 = Release|Any CPU
		{7C1EEF6D-CBE9-4EEF-9D2B-B630EA8DADF4}.Release|ARM.ActiveCfg = Release|ARM
		{7C1EEF6D-CBE9-4EEF-9D2B-B630EA8DADF4}.Release|ARM.Build.0 = Release|ARM
		{7C1EEF6D-CBE9-4EEF-9D2B-B630EA8DADF4}.Release|ARM.Deploy.0 = Release|ARM
		{7C1EEF6D-CBE9-4EEF-9D2B-B630EA8DADF4}.Release|x64.ActiveCfg = Release|x64
		{7C1EEF6D-CBE9-4EEF-9D2B-B630EA8DADF4}.Release|x64.Build.0 = Release|x64
		{7C1EEF6D-CBE9-4EEF-9D2B-B630EA8DADF4}.Release|x64.Deploy.0 = Release|x64
		{7C1EEF6D-CBE9-4EEF-9D2B-B630EA8DADF4}.Release|x86.ActiveCfg = Release|x86
		{7C1EEF6D-CBE9-4EEF-9D2B-B630EA8DADF4}.Release|x86.Build.0 = Release|x86
		{7C1EEF6D-CBE9-4EEF-9D2B-B630EA8DADF4}.Release|x86.Deploy.0 = Release|x86
		{787A5640-F3BC-4B2E-B2E4-AB8C1DC1A1E0}.Debug|Any CPU.ActiveCfg = Debug|Any CPU
		{787A5640-F3BC-4B2E-B2E4-AB8C1DC1A1E0}.Debug|Any CPU.Build.0 = Debug|Any CPU
		{787A5640-F3BC-4B2E-B2E4-AB8C1DC1A1E0}.Debug|ARM.ActiveCfg = Debug|ARM
		{787A5640-F3BC-4B2E-B2E4-AB8C1DC1A1E0}.Debug|ARM.Build.0 = Debug|ARM
		{787A5640-F3BC-4B2E-B2E4-AB8C1DC1A1E0}.Debug|x64.ActiveCfg = Debug|x64
		{787A5640-F3BC-4B2E-B2E4-AB8C1DC1A1E0}.Debug|x64.Build.0 = Debug|x64
		{787A5640-F3BC-4B2E-B2E4-AB8C1DC1A1E0}.Debug|x86.ActiveCfg = Debug|x86
		{787A5640-F3BC-4B2E-B2E4-AB8C1DC1A1E0}.Debug|x86.Build.0 = Debug|x86
		{787A5640-F3BC-4B2E-B2E4-AB8C1DC1A1E0}.Release|Any CPU.ActiveCfg = Release|Any CPU
		{787A5640-F3BC-4B2E-B2E4-AB8C1DC1A1E0}.Release|Any CPU.Build.0 = Release|Any CPU
		{787A5640-F3BC-4B2E-B2E4-AB8C1DC1A1E0}.Release|ARM.ActiveCfg = Release|ARM
		{787A5640-F3BC-4B2E-B2E4-AB8C1DC1A1E0}.Release|ARM.Build.0 = Release|ARM
		{787A5640-F3BC-4B2E-B2E4-AB8C1DC1A1E0}.Release|x64.ActiveCfg = Release|x64
		{787A5640-F3BC-4B2E-B2E4-AB8C1DC1A1E0}.Release|x64.Build.0 = Release|x64
		{787A5640-F3BC-4B2E-B2E4-AB8C1DC1A1E0}.Release|x86.ActiveCfg = Release|x86
		{787A5640-F3BC-4B2E-B2E4-AB8C1DC1A1E0}.Release|x86.Build.0 = Release|x86
		{77DB17B9-CCF8-4E1E-9E3E-66C10807E2CF}.Debug|Any CPU.ActiveCfg = Debug|Any CPU
		{77DB17B9-CCF8-4E1E-9E3E-66C10807E2CF}.Debug|Any CPU.Build.0 = Debug|Any CPU
		{77DB17B9-CCF8-4E1E-9E3E-66C10807E2CF}.Debug|Any CPU.Deploy.0 = Debug|Any CPU
		{77DB17B9-CCF8-4E1E-9E3E-66C10807E2CF}.Debug|ARM.ActiveCfg = Debug|ARM
		{77DB17B9-CCF8-4E1E-9E3E-66C10807E2CF}.Debug|ARM.Build.0 = Debug|ARM
		{77DB17B9-CCF8-4E1E-9E3E-66C10807E2CF}.Debug|ARM.Deploy.0 = Debug|ARM
		{77DB17B9-CCF8-4E1E-9E3E-66C10807E2CF}.Debug|x64.ActiveCfg = Debug|x64
		{77DB17B9-CCF8-4E1E-9E3E-66C10807E2CF}.Debug|x64.Build.0 = Debug|x64
		{77DB17B9-CCF8-4E1E-9E3E-66C10807E2CF}.Debug|x64.Deploy.0 = Debug|x64
		{77DB17B9-CCF8-4E1E-9E3E-66C10807E2CF}.Debug|x86.ActiveCfg = Debug|x86
		{77DB17B9-CCF8-4E1E-9E3E-66C10807E2CF}.Debug|x86.Build.0 = Debug|x86
		{77DB17B9-CCF8-4E1E-9E3E-66C10807E2CF}.Debug|x86.Deploy.0 = Debug|x86
		{77DB17B9-CCF8-4E1E-9E3E-66C10807E2CF}.Release|Any CPU.ActiveCfg = Release|Any CPU
		{77DB17B9-CCF8-4E1E-9E3E-66C10807E2CF}.Release|Any CPU.Build.0 = Release|Any CPU
		{77DB17B9-CCF8-4E1E-9E3E-66C10807E2CF}.Release|Any CPU.Deploy.0 = Release|Any CPU
		{77DB17B9-CCF8-4E1E-9E3E-66C10807E2CF}.Release|ARM.ActiveCfg = Release|ARM
		{77DB17B9-CCF8-4E1E-9E3E-66C10807E2CF}.Release|ARM.Build.0 = Release|ARM
		{77DB17B9-CCF8-4E1E-9E3E-66C10807E2CF}.Release|ARM.Deploy.0 = Release|ARM
		{77DB17B9-CCF8-4E1E-9E3E-66C10807E2CF}.Release|x64.ActiveCfg = Release|x64
		{77DB17B9-CCF8-4E1E-9E3E-66C10807E2CF}.Release|x64.Build.0 = Release|x64
		{77DB17B9-CCF8-4E1E-9E3E-66C10807E2CF}.Release|x64.Deploy.0 = Release|x64
		{77DB17B9-CCF8-4E1E-9E3E-66C10807E2CF}.Release|x86.ActiveCfg = Release|x86
		{77DB17B9-CCF8-4E1E-9E3E-66C10807E2CF}.Release|x86.Build.0 = Release|x86
		{77DB17B9-CCF8-4E1E-9E3E-66C10807E2CF}.Release|x86.Deploy.0 = Release|x86
	EndGlobalSection
	GlobalSection(SolutionProperties) = preSolution
		HideSolutionNode = FALSE
	EndGlobalSection
EndGlobal
